
Microsoft Visual Studio Solution File, Format Version 12.00
# Visual Studio Version 16
VisualStudioVersion = 16.0.30717.126
MinimumVisualStudioVersion = 10.0.40219.1
Project("{FAE04EC0-301F-11D3-BF4B-00C04F79EFBC}") = "RAM Cleaner Pro", "RAM Cleaner 2\RAM Cleaner Pro.csproj", "{2D58F328-3522-4912-B6D8-FD4F7D9BF211}"
EndProject
Global
	GlobalSection(SolutionConfigurationPlatforms) = preSolution
		Debug|Any CPU = Debug|Any CPU
		Debug|x64 = Debug|x64
		Release|Any CPU = Release|Any CPU
		Release|x64 = Release|x64
	EndGlobalSection
	GlobalSection(ProjectConfigurationPlatforms) = postSolution
		{2D58F328-3522-4912-B6D8-FD4F7D9BF211}.Debug|Any CPU.ActiveCfg = Debug|Any CPU
		{2D58F328-3522-4912-B6D8-FD4F7D9BF211}.Debug|Any CPU.Build.0 = Debug|Any CPU
		{2D58F328-3522-4912-B6D8-FD4F7D9BF211}.Debug|x64.ActiveCfg = Debug|x64
		{2D58F328-3522-4912-B6D8-FD4F7D9BF211}.Debug|x64.Build.0 = Debug|x64
		{2D58F328-3522-4912-B6D8-FD4F7D9BF211}.Release|Any CPU.ActiveCfg = Release|Any CPU
		{2D58F328-3522-4912-B6D8-FD4F7D9BF211}.Release|Any CPU.Build.0 = Release|Any CPU
		{2D58F328-3522-4912-B6D8-FD4F7D9BF211}.Release|x64.ActiveCfg = Release|x64
		{2D58F328-3522-4912-B6D8-FD4F7D9BF211}.Release|x64.Build.0 = Release|x64
	EndGlobalSection
	GlobalSection(SolutionProperties) = preSolution
		HideSolutionNode = FALSE
	EndGlobalSection
	GlobalSection(ExtensibilityGlobals) = postSolution
		SolutionGuid = {4E335608-1ED3-4288-900B-FF0404405C3F}
	EndGlobalSection
EndGlobal
